PODS:
  - MyBaseExtension (0.0.5)
  - MyControlView (0.0.9):
    - MyBaseExtension (~> 0.0.3)
  - SnapKit (5.7.1)

DEPENDENCIES:
  - MyBaseExtension
  - MyControlView
  - SnapKit

SPEC REPOS:
  https://github.com/CocoaPods/Specs.git:
    - MyBaseExtension
    - MyControlView
    - SnapKit

SPEC CHECKSUMS:
  MyBaseExtension: b4a156775637f6bea13af8eb3e12d2fb02116fd6
  MyControlView: 1e577f5474a68aae6fda8ac031f017649c061b95
  SnapKit: d612e99e678a2d3b95bf60b0705ed0a35c03484a

PODFILE CHECKSUM: 4204e34565025c512d1e6a785ffdae36f14ad197

COCOAPODS: 1.15.2
