PODS:
  - MyBaseExtension (0.0.3)
  - MyControlView (0.0.5):
    - MyBaseExtension (~> 0.0.3)
  - SnapKit (5.7.1)

DEPENDENCIES:
  - MyBaseExtension
  - MyControlView
  - SnapKit

SPEC REPOS:
  https://github.com/CocoaPods/Specs.git:
    - MyBaseExtension
    - MyControlView
    - SnapKit

SPEC CHECKSUMS:
  MyBaseExtension: 1c32c1b8f83d2371320a8c74dfaa58e181b2c2bf
  MyControlView: 3a48821a0df70ef6283b1dd5e6bfc8a7498f68b5
  SnapKit: d612e99e678a2d3b95bf60b0705ed0a35c03484a

PODFILE CHECKSUM: 4204e34565025c512d1e6a785ffdae36f14ad197

COCOAPODS: 1.15.2
