// !$*UTF8*$!
{
	archiveVersion = 1;
	classes = {
	};
	objectVersion = 56;
	objects = {

/* Begin PBXBuildFile section */
		7A65259188621D216C20F318 /* Pods_CIImage_Debug.framework in Frameworks */ = {isa = PBXBuildFile; fileRef = 632FF4D25883B84D8953A7C1 /* Pods_CIImage_Debug.framework */; };
		EB09828A2CA3E4810030225F /* SliderCell.swift in Sources */ = {isa = PBXBuildFile; fileRef = EB0982892CA3E4810030225F /* SliderCell.swift */; };
		EB09828D2CA3EE3E0030225F /* FilterContentModel.swift in Sources */ = {isa = PBXBuildFile; fileRef = EB09828C2CA3EE3E0030225F /* FilterContentModel.swift */; };
		EB0982902CA3EF540030225F /* CategoryBlurContentModel.swift in Sources */ = {isa = PBXBuildFile; fileRef = EB09828F2CA3EF540030225F /* CategoryBlurContentModel.swift */; };
		EB0982922CA3F01F0030225F /* FilterValueModel.swift in Sources */ = {isa = PBXBuildFile; fileRef = EB0982912CA3F01F0030225F /* FilterValueModel.swift */; };
		EB0982952CA3F0480030225F /* SliderFilterValueModel.swift in Sources */ = {isa = PBXBuildFile; fileRef = EB0982942CA3F0480030225F /* SliderFilterValueModel.swift */; };
		EB6B56ED2C9EB4E3008E6F92 /* CDSingleDebugViewController.swift in Sources */ = {isa = PBXBuildFile; fileRef = EB6B56EC2C9EB4E3008E6F92 /* CDSingleDebugViewController.swift */; };
		EB6B56F12C9EB960008E6F92 /* CDStyleCell.swift in Sources */ = {isa = PBXBuildFile; fileRef = EB6B56F02C9EB960008E6F92 /* CDStyleCell.swift */; };
		EB8B79712C9AA9D9005CF6AD /* AppDelegate.swift in Sources */ = {isa = PBXBuildFile; fileRef = EB8B79702C9AA9D9005CF6AD /* AppDelegate.swift */; };
		EB8B79752C9AA9D9005CF6AD /* ViewController.swift in Sources */ = {isa = PBXBuildFile; fileRef = EB8B79742C9AA9D9005CF6AD /* ViewController.swift */; };
		EB8B79782C9AA9D9005CF6AD /* Base in Resources */ = {isa = PBXBuildFile; fileRef = EB8B79772C9AA9D9005CF6AD /* Base */; };
		EB8B797A2C9AA9DF005CF6AD /* Assets.xcassets in Resources */ = {isa = PBXBuildFile; fileRef = EB8B79792C9AA9DF005CF6AD /* Assets.xcassets */; };
		EB8B797D2C9AA9DF005CF6AD /* Base in Resources */ = {isa = PBXBuildFile; fileRef = EB8B797C2C9AA9DF005CF6AD /* Base */; };
		EB8B798A2C9D1273005CF6AD /* TabViewController.swift in Sources */ = {isa = PBXBuildFile; fileRef = EB8B79892C9D1273005CF6AD /* TabViewController.swift */; };
/* End PBXBuildFile section */

/* Begin PBXFileReference section */
		632FF4D25883B84D8953A7C1 /* Pods_CIImage_Debug.framework */ = {isa = PBXFileReference; explicitFileType = wrapper.framework; includeInIndex = 0; path = Pods_CIImage_Debug.framework; sourceTree = BUILT_PRODUCTS_DIR; };
		6815573B5A6060B358BCB2F5 /* Pods-CIImage-Debug.debug.xcconfig */ = {isa = PBXFileReference; includeInIndex = 1; lastKnownFileType = text.xcconfig; name = "Pods-CIImage-Debug.debug.xcconfig"; path = "Target Support Files/Pods-CIImage-Debug/Pods-CIImage-Debug.debug.xcconfig"; sourceTree = "<group>"; };
		A6BA733E2273098C9A1B16C1 /* Pods-CIImage-Debug.release.xcconfig */ = {isa = PBXFileReference; includeInIndex = 1; lastKnownFileType = text.xcconfig; name = "Pods-CIImage-Debug.release.xcconfig"; path = "Target Support Files/Pods-CIImage-Debug/Pods-CIImage-Debug.release.xcconfig"; sourceTree = "<group>"; };
		EB0982892CA3E4810030225F /* SliderCell.swift */ = {isa = PBXFileReference; lastKnownFileType = sourcecode.swift; path = SliderCell.swift; sourceTree = "<group>"; };
		EB09828C2CA3EE3E0030225F /* FilterContentModel.swift */ = {isa = PBXFileReference; lastKnownFileType = sourcecode.swift; path = FilterContentModel.swift; sourceTree = "<group>"; };
		EB09828F2CA3EF540030225F /* CategoryBlurContentModel.swift */ = {isa = PBXFileReference; lastKnownFileType = sourcecode.swift; path = CategoryBlurContentModel.swift; sourceTree = "<group>"; };
		EB0982912CA3F01F0030225F /* FilterValueModel.swift */ = {isa = PBXFileReference; lastKnownFileType = sourcecode.swift; path = FilterValueModel.swift; sourceTree = "<group>"; };
		EB0982942CA3F0480030225F /* SliderFilterValueModel.swift */ = {isa = PBXFileReference; lastKnownFileType = sourcecode.swift; path = SliderFilterValueModel.swift; sourceTree = "<group>"; };
		EB6B56EC2C9EB4E3008E6F92 /* CDSingleDebugViewController.swift */ = {isa = PBXFileReference; lastKnownFileType = sourcecode.swift; path = CDSingleDebugViewController.swift; sourceTree = "<group>"; };
		EB6B56F02C9EB960008E6F92 /* CDStyleCell.swift */ = {isa = PBXFileReference; lastKnownFileType = sourcecode.swift; path = CDStyleCell.swift; sourceTree = "<group>"; };
		EB8B796D2C9AA9D9005CF6AD /* CIImage-Debug.app */ = {isa = PBXFileReference; explicitFileType = wrapper.application; includeInIndex = 0; path = "CIImage-Debug.app"; sourceTree = BUILT_PRODUCTS_DIR; };
		EB8B79702C9AA9D9005CF6AD /* AppDelegate.swift */ = {isa = PBXFileReference; lastKnownFileType = sourcecode.swift; path = AppDelegate.swift; sourceTree = "<group>"; };
		EB8B79742C9AA9D9005CF6AD /* ViewController.swift */ = {isa = PBXFileReference; lastKnownFileType = sourcecode.swift; path = ViewController.swift; sourceTree = "<group>"; };
		EB8B79772C9AA9D9005CF6AD /* Base */ = {isa = PBXFileReference; lastKnownFileType = file.storyboard; name = Base; path = Base.lproj/Main.storyboard; sourceTree = "<group>"; };
		EB8B79792C9AA9DF005CF6AD /* Assets.xcassets */ = {isa = PBXFileReference; lastKnownFileType = folder.assetcatalog; path = Assets.xcassets; sourceTree = "<group>"; };
		EB8B797C2C9AA9DF005CF6AD /* Base */ = {isa = PBXFileReference; lastKnownFileType = file.storyboard; name = Base; path = Base.lproj/LaunchScreen.storyboard; sourceTree = "<group>"; };
		EB8B797E2C9AA9DF005CF6AD /* Info.plist */ = {isa = PBXFileReference; lastKnownFileType = text.plist.xml; path = Info.plist; sourceTree = "<group>"; };
		EB8B79852C9AC287005CF6AD /* CIImage-Debug-Bridging-Header.h */ = {isa = PBXFileReference; lastKnownFileType = sourcecode.c.h; path = "CIImage-Debug-Bridging-Header.h"; sourceTree = "<group>"; };
		EB8B79892C9D1273005CF6AD /* TabViewController.swift */ = {isa = PBXFileReference; lastKnownFileType = sourcecode.swift; path = TabViewController.swift; sourceTree = "<group>"; };
/* End PBXFileReference section */

/* Begin PBXFrameworksBuildPhase section */
		EB8B796A2C9AA9D9005CF6AD /* Frameworks */ = {
			isa = PBXFrameworksBuildPhase;
			buildActionMask = 2147483647;
			files = (
				7A65259188621D216C20F318 /* Pods_CIImage_Debug.framework in Frameworks */,
			);
			runOnlyForDeploymentPostprocessing = 0;
		};
/* End PBXFrameworksBuildPhase section */

/* Begin PBXGroup section */
		4B6A5F3F7ADDF53AE0BD6E90 /* Frameworks */ = {
			isa = PBXGroup;
			children = (
				632FF4D25883B84D8953A7C1 /* Pods_CIImage_Debug.framework */,
			);
			name = Frameworks;
			sourceTree = "<group>";
		};
		EB09828B2CA3E4890030225F /* CDTableViewCell */ = {
			isa = PBXGroup;
			children = (
				EB0982932CA3F0370030225F /* Model */,
				EB0982892CA3E4810030225F /* SliderCell.swift */,
			);
			path = CDTableViewCell;
			sourceTree = "<group>";
		};
		EB09828E2CA3EF040030225F /* ContentModel */ = {
			isa = PBXGroup;
			children = (
				EB09828C2CA3EE3E0030225F /* FilterContentModel.swift */,
				EB09828F2CA3EF540030225F /* CategoryBlurContentModel.swift */,
			);
			path = ContentModel;
			sourceTree = "<group>";
		};
		EB0982932CA3F0370030225F /* Model */ = {
			isa = PBXGroup;
			children = (
				EB0982912CA3F01F0030225F /* FilterValueModel.swift */,
				EB0982942CA3F0480030225F /* SliderFilterValueModel.swift */,
			);
			path = Model;
			sourceTree = "<group>";
		};
		EB6B56EF2C9EB921008E6F92 /* Single */ = {
			isa = PBXGroup;
			children = (
				EB6B56EC2C9EB4E3008E6F92 /* CDSingleDebugViewController.swift */,
				EB6B56F02C9EB960008E6F92 /* CDStyleCell.swift */,
			);
			path = Single;
			sourceTree = "<group>";
		};
		EB8B79642C9AA9D9005CF6AD = {
			isa = PBXGroup;
			children = (
				EB8B796F2C9AA9D9005CF6AD /* CIImage-Debug */,
				EB8B796E2C9AA9D9005CF6AD /* Products */,
				FB7DF2FB61F872AE2F16DA43 /* Pods */,
				4B6A5F3F7ADDF53AE0BD6E90 /* Frameworks */,
			);
			sourceTree = "<group>";
		};
		EB8B796E2C9AA9D9005CF6AD /* Products */ = {
			isa = PBXGroup;
			children = (
				EB8B796D2C9AA9D9005CF6AD /* CIImage-Debug.app */,
			);
			name = Products;
			sourceTree = "<group>";
		};
		EB8B796F2C9AA9D9005CF6AD /* CIImage-Debug */ = {
			isa = PBXGroup;
			children = (
				EB09828E2CA3EF040030225F /* ContentModel */,
				EB09828B2CA3E4890030225F /* CDTableViewCell */,
				EB6B56EF2C9EB921008E6F92 /* Single */,
				EB8B79702C9AA9D9005CF6AD /* AppDelegate.swift */,
				EB8B79742C9AA9D9005CF6AD /* ViewController.swift */,
				EB8B79762C9AA9D9005CF6AD /* Main.storyboard */,
				EB8B79792C9AA9DF005CF6AD /* Assets.xcassets */,
				EB8B797B2C9AA9DF005CF6AD /* LaunchScreen.storyboard */,
				EB8B797E2C9AA9DF005CF6AD /* Info.plist */,
				EB8B79852C9AC287005CF6AD /* CIImage-Debug-Bridging-Header.h */,
				EB8B79892C9D1273005CF6AD /* TabViewController.swift */,
			);
			path = "CIImage-Debug";
			sourceTree = "<group>";
		};
		FB7DF2FB61F872AE2F16DA43 /* Pods */ = {
			isa = PBXGroup;
			children = (
				6815573B5A6060B358BCB2F5 /* Pods-CIImage-Debug.debug.xcconfig */,
				A6BA733E2273098C9A1B16C1 /* Pods-CIImage-Debug.release.xcconfig */,
			);
			path = Pods;
			sourceTree = "<group>";
		};
/* End PBXGroup section */

/* Begin PBXNativeTarget section */
		EB8B796C2C9AA9D9005CF6AD /* CIImage-Debug */ = {
			isa = PBXNativeTarget;
			buildConfigurationList = EB8B79812C9AA9DF005CF6AD /* Build configuration list for PBXNativeTarget "CIImage-Debug" */;
			buildPhases = (
				AA0591BBDE67C20C8922EB5C /* [CP] Check Pods Manifest.lock */,
				EB8B79692C9AA9D9005CF6AD /* Sources */,
				EB8B796A2C9AA9D9005CF6AD /* Frameworks */,
				EB8B796B2C9AA9D9005CF6AD /* Resources */,
				22172C1D08D29B5BDCA62FE5 /* [CP] Embed Pods Frameworks */,
			);
			buildRules = (
			);
			dependencies = (
			);
			name = "CIImage-Debug";
			productName = "CIImage-Debug";
			productReference = EB8B796D2C9AA9D9005CF6AD /* CIImage-Debug.app */;
			productType = "com.apple.product-type.application";
		};
/* End PBXNativeTarget section */

/* Begin PBXProject section */
		EB8B79652C9AA9D9005CF6AD /* Project object */ = {
			isa = PBXProject;
			attributes = {
				BuildIndependentTargetsInParallel = 1;
				LastSwiftUpdateCheck = 1540;
				LastUpgradeCheck = 1540;
				TargetAttributes = {
					EB8B796C2C9AA9D9005CF6AD = {
						CreatedOnToolsVersion = 15.4;
						LastSwiftMigration = 1540;
					};
				};
			};
			buildConfigurationList = EB8B79682C9AA9D9005CF6AD /* Build configuration list for PBXProject "CIImage-Debug" */;
			compatibilityVersion = "Xcode 14.0";
			developmentRegion = en;
			hasScannedForEncodings = 0;
			knownRegions = (
				en,
				Base,
			);
			mainGroup = EB8B79642C9AA9D9005CF6AD;
			productRefGroup = EB8B796E2C9AA9D9005CF6AD /* Products */;
			projectDirPath = "";
			projectRoot = "";
			targets = (
				EB8B796C2C9AA9D9005CF6AD /* CIImage-Debug */,
			);
		};
/* End PBXProject section */

/* Begin PBXResourcesBuildPhase section */
		EB8B796B2C9AA9D9005CF6AD /* Resources */ = {
			isa = PBXResourcesBuildPhase;
			buildActionMask = 2147483647;
			files = (
				EB8B797A2C9AA9DF005CF6AD /* Assets.xcassets in Resources */,
				EB8B797D2C9AA9DF005CF6AD /* Base in Resources */,
				EB8B79782C9AA9D9005CF6AD /* Base in Resources */,
			);
			runOnlyForDeploymentPostprocessing = 0;
		};
/* End PBXResourcesBuildPhase section */

/* Begin PBXShellScriptBuildPhase section */
		22172C1D08D29B5BDCA62FE5 /* [CP] Embed Pods Frameworks */ = {
			isa = PBXShellScriptBuildPhase;
			buildActionMask = 2147483647;
			files = (
			);
			inputFileListPaths = (
				"${PODS_ROOT}/Target Support Files/Pods-CIImage-Debug/Pods-CIImage-Debug-frameworks-${CONFIGURATION}-input-files.xcfilelist",
			);
			name = "[CP] Embed Pods Frameworks";
			outputFileListPaths = (
				"${PODS_ROOT}/Target Support Files/Pods-CIImage-Debug/Pods-CIImage-Debug-frameworks-${CONFIGURATION}-output-files.xcfilelist",
			);
			runOnlyForDeploymentPostprocessing = 0;
			shellPath = /bin/sh;
			shellScript = "\"${PODS_ROOT}/Target Support Files/Pods-CIImage-Debug/Pods-CIImage-Debug-frameworks.sh\"\n";
			showEnvVarsInLog = 0;
		};
		AA0591BBDE67C20C8922EB5C /* [CP] Check Pods Manifest.lock */ = {
			isa = PBXShellScriptBuildPhase;
			buildActionMask = 2147483647;
			files = (
			);
			inputFileListPaths = (
			);
			inputPaths = (
				"${PODS_PODFILE_DIR_PATH}/Podfile.lock",
				"${PODS_ROOT}/Manifest.lock",
			);
			name = "[CP] Check Pods Manifest.lock";
			outputFileListPaths = (
			);
			outputPaths = (
				"$(DERIVED_FILE_DIR)/Pods-CIImage-Debug-checkManifestLockResult.txt",
			);
			runOnlyForDeploymentPostprocessing = 0;
			shellPath = /bin/sh;
			shellScript = "diff \"${PODS_PODFILE_DIR_PATH}/Podfile.lock\" \"${PODS_ROOT}/Manifest.lock\" > /dev/null\nif [ $? != 0 ] ; then\n    # print error to STDERR\n    echo \"error: The sandbox is not in sync with the Podfile.lock. Run 'pod install' or update your CocoaPods installation.\" >&2\n    exit 1\nfi\n# This output is used by Xcode 'outputs' to avoid re-running this script phase.\necho \"SUCCESS\" > \"${SCRIPT_OUTPUT_FILE_0}\"\n";
			showEnvVarsInLog = 0;
		};
/* End PBXShellScriptBuildPhase section */

/* Begin PBXSourcesBuildPhase section */
		EB8B79692C9AA9D9005CF6AD /* Sources */ = {
			isa = PBXSourcesBuildPhase;
			buildActionMask = 2147483647;
			files = (
				EB0982902CA3EF540030225F /* CategoryBlurContentModel.swift in Sources */,
				EB8B798A2C9D1273005CF6AD /* TabViewController.swift in Sources */,
				EB0982952CA3F0480030225F /* SliderFilterValueModel.swift in Sources */,
				EB09828A2CA3E4810030225F /* SliderCell.swift in Sources */,
				EB0982922CA3F01F0030225F /* FilterValueModel.swift in Sources */,
				EB8B79752C9AA9D9005CF6AD /* ViewController.swift in Sources */,
				EB6B56F12C9EB960008E6F92 /* CDStyleCell.swift in Sources */,
				EB6B56ED2C9EB4E3008E6F92 /* CDSingleDebugViewController.swift in Sources */,
				EB09828D2CA3EE3E0030225F /* FilterContentModel.swift in Sources */,
				EB8B79712C9AA9D9005CF6AD /* AppDelegate.swift in Sources */,
			);
			runOnlyForDeploymentPostprocessing = 0;
		};
/* End PBXSourcesBuildPhase section */

/* Begin PBXVariantGroup section */
		EB8B79762C9AA9D9005CF6AD /* Main.storyboard */ = {
			isa = PBXVariantGroup;
			children = (
				EB8B79772C9AA9D9005CF6AD /* Base */,
			);
			name = Main.storyboard;
			sourceTree = "<group>";
		};
		EB8B797B2C9AA9DF005CF6AD /* LaunchScreen.storyboard */ = {
			isa = PBXVariantGroup;
			children = (
				EB8B797C2C9AA9DF005CF6AD /* Base */,
			);
			name = LaunchScreen.storyboard;
			sourceTree = "<group>";
		};
/* End PBXVariantGroup section */

/* Begin XCBuildConfiguration section */
		EB8B797F2C9AA9DF005CF6AD /* Debug */ = {
			isa = XCBuildConfiguration;
			buildSettings = {
				ALWAYS_SEARCH_USER_PATHS = NO;
				ASSETCATALOG_COMPILER_GENERATE_SWIFT_ASSET_SYMBOL_EXTENSIONS = YES;
				CLANG_ANALYZER_NONNULL = YES;
				CLANG_ANALYZER_NUMBER_OBJECT_CONVERSION = YES_AGGRESSIVE;
				CLANG_CXX_LANGUAGE_STANDARD = "gnu++20";
				CLANG_ENABLE_MODULES = YES;
				CLANG_ENABLE_OBJC_ARC = YES;
				CLANG_ENABLE_OBJC_WEAK = YES;
				CLANG_WARN_BLOCK_CAPTURE_AUTORELEASING = YES;
				CLANG_WARN_BOOL_CONVERSION = YES;
				CLANG_WARN_COMMA = YES;
				CLANG_WARN_CONSTANT_CONVERSION = YES;
				CLANG_WARN_DEPRECATED_OBJC_IMPLEMENTATIONS = YES;
				CLANG_WARN_DIRECT_OBJC_ISA_USAGE = YES_ERROR;
				CLANG_WARN_DOCUMENTATION_COMMENTS = YES;
				CLANG_WARN_EMPTY_BODY = YES;
				CLANG_WARN_ENUM_CONVERSION = YES;
				CLANG_WARN_INFINITE_RECURSION = YES;
				CLANG_WARN_INT_CONVERSION = YES;
				CLANG_WARN_NON_LITERAL_NULL_CONVERSION = YES;
				CLANG_WARN_OBJC_IMPLICIT_RETAIN_SELF = YES;
				CLANG_WARN_OBJC_LITERAL_CONVERSION = YES;
				CLANG_WARN_OBJC_ROOT_CLASS = YES_ERROR;
				CLANG_WARN_QUOTED_INCLUDE_IN_FRAMEWORK_HEADER = YES;
				CLANG_WARN_RANGE_LOOP_ANALYSIS = YES;
				CLANG_WARN_STRICT_PROTOTYPES = YES;
				CLANG_WARN_SUSPICIOUS_MOVE = YES;
				CLANG_WARN_UNGUARDED_AVAILABILITY = YES_AGGRESSIVE;
				CLANG_WARN_UNREACHABLE_CODE = YES;
				CLANG_WARN__DUPLICATE_METHOD_MATCH = YES;
				COPY_PHASE_STRIP = NO;
				DEBUG_INFORMATION_FORMAT = dwarf;
				ENABLE_STRICT_OBJC_MSGSEND = YES;
				ENABLE_TESTABILITY = YES;
				ENABLE_USER_SCRIPT_SANDBOXING = YES;
				GCC_C_LANGUAGE_STANDARD = gnu17;
				GCC_DYNAMIC_NO_PIC = NO;
				GCC_NO_COMMON_BLOCKS = YES;
				GCC_OPTIMIZATION_LEVEL = 0;
				GCC_PREPROCESSOR_DEFINITIONS = (
					"DEBUG=1",
					"$(inherited)",
				);
				GCC_WARN_64_TO_32_BIT_CONVERSION = YES;
				GCC_WARN_ABOUT_RETURN_TYPE = YES_ERROR;
				GCC_WARN_UNDECLARED_SELECTOR = YES;
				GCC_WARN_UNINITIALIZED_AUTOS = YES_AGGRESSIVE;
				GCC_WARN_UNUSED_FUNCTION = YES;
				GCC_WARN_UNUSED_VARIABLE = YES;
				IPHONEOS_DEPLOYMENT_TARGET = 13.0;
				LOCALIZATION_PREFERS_STRING_CATALOGS = YES;
				MTL_ENABLE_DEBUG_INFO = INCLUDE_SOURCE;
				MTL_FAST_MATH = YES;
				ONLY_ACTIVE_ARCH = YES;
				SDKROOT = iphoneos;
				SWIFT_ACTIVE_COMPILATION_CONDITIONS = "DEBUG $(inherited)";
				SWIFT_OPTIMIZATION_LEVEL = "-Onone";
			};
			name = Debug;
		};
		EB8B79802C9AA9DF005CF6AD /* Release */ = {
			isa = XCBuildConfiguration;
			buildSettings = {
				ALWAYS_SEARCH_USER_PATHS = NO;
				ASSETCATALOG_COMPILER_GENERATE_SWIFT_ASSET_SYMBOL_EXTENSIONS = YES;
				CLANG_ANALYZER_NONNULL = YES;
				CLANG_ANALYZER_NUMBER_OBJECT_CONVERSION = YES_AGGRESSIVE;
				CLANG_CXX_LANGUAGE_STANDARD = "gnu++20";
				CLANG_ENABLE_MODULES = YES;
				CLANG_ENABLE_OBJC_ARC = YES;
				CLANG_ENABLE_OBJC_WEAK = YES;
				CLANG_WARN_BLOCK_CAPTURE_AUTORELEASING = YES;
				CLANG_WARN_BOOL_CONVERSION = YES;
				CLANG_WARN_COMMA = YES;
				CLANG_WARN_CONSTANT_CONVERSION = YES;
				CLANG_WARN_DEPRECATED_OBJC_IMPLEMENTATIONS = YES;
				CLANG_WARN_DIRECT_OBJC_ISA_USAGE = YES_ERROR;
				CLANG_WARN_DOCUMENTATION_COMMENTS = YES;
				CLANG_WARN_EMPTY_BODY = YES;
				CLANG_WARN_ENUM_CONVERSION = YES;
				CLANG_WARN_INFINITE_RECURSION = YES;
				CLANG_WARN_INT_CONVERSION = YES;
				CLANG_WARN_NON_LITERAL_NULL_CONVERSION = YES;
				CLANG_WARN_OBJC_IMPLICIT_RETAIN_SELF = YES;
				CLANG_WARN_OBJC_LITERAL_CONVERSION = YES;
				CLANG_WARN_OBJC_ROOT_CLASS = YES_ERROR;
				CLANG_WARN_QUOTED_INCLUDE_IN_FRAMEWORK_HEADER = YES;
				CLANG_WARN_RANGE_LOOP_ANALYSIS = YES;
				CLANG_WARN_STRICT_PROTOTYPES = YES;
				CLANG_WARN_SUSPICIOUS_MOVE = YES;
				CLANG_WARN_UNGUARDED_AVAILABILITY = YES_AGGRESSIVE;
				CLANG_WARN_UNREACHABLE_CODE = YES;
				CLANG_WARN__DUPLICATE_METHOD_MATCH = YES;
				COPY_PHASE_STRIP = NO;
				DEBUG_INFORMATION_FORMAT = "dwarf-with-dsym";
				ENABLE_NS_ASSERTIONS = NO;
				ENABLE_STRICT_OBJC_MSGSEND = YES;
				ENABLE_USER_SCRIPT_SANDBOXING = YES;
				GCC_C_LANGUAGE_STANDARD = gnu17;
				GCC_NO_COMMON_BLOCKS = YES;
				GCC_WARN_64_TO_32_BIT_CONVERSION = YES;
				GCC_WARN_ABOUT_RETURN_TYPE = YES_ERROR;
				GCC_WARN_UNDECLARED_SELECTOR = YES;
				GCC_WARN_UNINITIALIZED_AUTOS = YES_AGGRESSIVE;
				GCC_WARN_UNUSED_FUNCTION = YES;
				GCC_WARN_UNUSED_VARIABLE = YES;
				IPHONEOS_DEPLOYMENT_TARGET = 13.0;
				LOCALIZATION_PREFERS_STRING_CATALOGS = YES;
				MTL_ENABLE_DEBUG_INFO = NO;
				MTL_FAST_MATH = YES;
				SDKROOT = iphoneos;
				SWIFT_COMPILATION_MODE = wholemodule;
				VALIDATE_PRODUCT = YES;
			};
			name = Release;
		};
		EB8B79822C9AA9DF005CF6AD /* Debug */ = {
			isa = XCBuildConfiguration;
			baseConfigurationReference = 6815573B5A6060B358BCB2F5 /* Pods-CIImage-Debug.debug.xcconfig */;
			buildSettings = {
				ASSETCATALOG_COMPILER_APPICON_NAME = AppIcon;
				ASSETCATALOG_COMPILER_GLOBAL_ACCENT_COLOR_NAME = AccentColor;
				CLANG_ENABLE_MODULES = YES;
				CODE_SIGN_STYLE = Automatic;
				CURRENT_PROJECT_VERSION = 1;
				DEVELOPMENT_TEAM = Z853VKPG4P;
				GENERATE_INFOPLIST_FILE = YES;
				INFOPLIST_FILE = "CIImage-Debug/Info.plist";
				INFOPLIST_KEY_UIApplicationSupportsIndirectInputEvents = YES;
				INFOPLIST_KEY_UILaunchStoryboardName = LaunchScreen;
				INFOPLIST_KEY_UISupportedInterfaceOrientations_iPad = "UIInterfaceOrientationPortrait UIInterfaceOrientationPortraitUpsideDown UIInterfaceOrientationLandscapeLeft UIInterfaceOrientationLandscapeRight";
				INFOPLIST_KEY_UISupportedInterfaceOrientations_iPhone = "UIInterfaceOrientationPortrait UIInterfaceOrientationLandscapeLeft UIInterfaceOrientationLandscapeRight";
				LD_RUNPATH_SEARCH_PATHS = (
					"$(inherited)",
					"@executable_path/Frameworks",
				);
				MARKETING_VERSION = 1.0;
				PRODUCT_BUNDLE_IDENTIFIER = "com.HowardExplore.CIImage-Debug";
				PRODUCT_NAME = "$(TARGET_NAME)";
				SWIFT_EMIT_LOC_STRINGS = YES;
				SWIFT_OBJC_BRIDGING_HEADER = "CIImage-Debug/CIImage-Debug-Bridging-Header.h";
				SWIFT_OPTIMIZATION_LEVEL = "-Onone";
				SWIFT_PRECOMPILE_BRIDGING_HEADER = YES;
				SWIFT_VERSION = 5.0;
				TARGETED_DEVICE_FAMILY = "1,2";
			};
			name = Debug;
		};
		EB8B79832C9AA9DF005CF6AD /* Release */ = {
			isa = XCBuildConfiguration;
			baseConfigurationReference = A6BA733E2273098C9A1B16C1 /* Pods-CIImage-Debug.release.xcconfig */;
			buildSettings = {
				ASSETCATALOG_COMPILER_APPICON_NAME = AppIcon;
				ASSETCATALOG_COMPILER_GLOBAL_ACCENT_COLOR_NAME = AccentColor;
				CLANG_ENABLE_MODULES = YES;
				CODE_SIGN_STYLE = Automatic;
				CURRENT_PROJECT_VERSION = 1;
				DEVELOPMENT_TEAM = Z853VKPG4P;
				GENERATE_INFOPLIST_FILE = YES;
				INFOPLIST_FILE = "CIImage-Debug/Info.plist";
				INFOPLIST_KEY_UIApplicationSupportsIndirectInputEvents = YES;
				INFOPLIST_KEY_UILaunchStoryboardName = LaunchScreen;
				INFOPLIST_KEY_UISupportedInterfaceOrientations_iPad = "UIInterfaceOrientationPortrait UIInterfaceOrientationPortraitUpsideDown UIInterfaceOrientationLandscapeLeft UIInterfaceOrientationLandscapeRight";
				INFOPLIST_KEY_UISupportedInterfaceOrientations_iPhone = "UIInterfaceOrientationPortrait UIInterfaceOrientationLandscapeLeft UIInterfaceOrientationLandscapeRight";
				LD_RUNPATH_SEARCH_PATHS = (
					"$(inherited)",
					"@executable_path/Frameworks",
				);
				MARKETING_VERSION = 1.0;
				PRODUCT_BUNDLE_IDENTIFIER = "com.HowardExplore.CIImage-Debug";
				PRODUCT_NAME = "$(TARGET_NAME)";
				SWIFT_EMIT_LOC_STRINGS = YES;
				SWIFT_OBJC_BRIDGING_HEADER = "CIImage-Debug/CIImage-Debug-Bridging-Header.h";
				SWIFT_PRECOMPILE_BRIDGING_HEADER = YES;
				SWIFT_VERSION = 5.0;
				TARGETED_DEVICE_FAMILY = "1,2";
			};
			name = Release;
		};
/* End XCBuildConfiguration section */

/* Begin XCConfigurationList section */
		EB8B79682C9AA9D9005CF6AD /* Build configuration list for PBXProject "CIImage-Debug" */ = {
			isa = XCConfigurationList;
			buildConfigurations = (
				EB8B797F2C9AA9DF005CF6AD /* Debug */,
				EB8B79802C9AA9DF005CF6AD /* Release */,
			);
			defaultConfigurationIsVisible = 0;
			defaultConfigurationName = Release;
		};
		EB8B79812C9AA9DF005CF6AD /* Build configuration list for PBXNativeTarget "CIImage-Debug" */ = {
			isa = XCConfigurationList;
			buildConfigurations = (
				EB8B79822C9AA9DF005CF6AD /* Debug */,
				EB8B79832C9AA9DF005CF6AD /* Release */,
			);
			defaultConfigurationIsVisible = 0;
			defaultConfigurationName = Release;
		};
/* End XCConfigurationList section */
	};
	rootObject = EB8B79652C9AA9D9005CF6AD /* Project object */;
}
